// !$*UTF8*$!
{
	archiveVersion = 1;
	classes = {
	};
	objectVersion = 50;
	objects = {

/* Begin PBXBuildFile section */
		719C58E0260FDFFB0054C13D /* AppDelegate.swift in Sources */ = {isa = PBXBuildFile; fileRef = 719C58DF260FDFFB0054C13D /* AppDelegate.swift */; };
		719C58E2260FDFFB0054C13D /* SceneDelegate.swift in Sources */ = {isa = PBXBuildFile; fileRef = 719C58E1260FDFFB0054C13D /* SceneDelegate.swift */; };
		719C58E4260FDFFB0054C13D /* SettingsViewController.swift in Sources */ = {isa = PBXBuildFile; fileRef = 719C58E3260FDFFB0054C13D /* SettingsViewController.swift */; };
		719C58E7260FDFFB0054C13D /* Main.storyboard in Resources */ = {isa = PBXBuildFile; fileRef = 719C58E5260FDFFB0054C13D /* Main.storyboard */; };
		719C58E9260FDFFE0054C13D /* Assets.xcassets in Resources */ = {isa = PBXBuildFile; fileRef = 719C58E8260FDFFE0054C13D /* Assets.xcassets */; };
		719C58EC260FDFFE0054C13D /* LaunchScreen.storyboard in Resources */ = {isa = PBXBuildFile; fileRef = 719C58EA260FDFFE0054C13D /* LaunchScreen.storyboard */; };
		71D8B3272620AF4000A41269 /* MainViewController.swift in Sources */ = {isa = PBXBuildFile; fileRef = 71D8B3262620AF4000A41269 /* MainViewController.swift */; };
		71DA6D002621C208008FDB16 /* Data.swift in Sources */ = {isa = PBXBuildFile; fileRef = 71DA6CFF2621C208008FDB16 /* Data.swift */; };
/* End PBXBuildFile section */

/* Begin PBXFileReference section */
		719C58DC260FDFFB0054C13D /* Homework2.2(Build2).app */ = {isa = PBXFileReference; explicitFileType = wrapper.application; includeInIndex = 0; path = "Homework2.2(Build2).app"; sourceTree = BUILT_PRODUCTS_DIR; };
		719C58DF260FDFFB0054C13D /* AppDelegate.swift */ = {isa = PBXFileReference; lastKnownFileType = sourcecode.swift; path = AppDelegate.swift; sourceTree = "<group>"; };
		719C58E1260FDFFB0054C13D /* SceneDelegate.swift */ = {isa = PBXFileReference; lastKnownFileType = sourcecode.swift; path = SceneDelegate.swift; sourceTree = "<group>"; };
		719C58E3260FDFFB0054C13D /* SettingsViewController.swift */ = {isa = PBXFileReference; lastKnownFileType = sourcecode.swift; path = SettingsViewController.swift; sourceTree = "<group>"; };
		719C58E6260FDFFB0054C13D /* Base */ = {isa = PBXFileReference; lastKnownFileType = file.storyboard; name = Base; path = Base.lproj/Main.storyboard; sourceTree = "<group>"; };
		719C58E8260FDFFE0054C13D /* Assets.xcassets */ = {isa = PBXFileReference; lastKnownFileType = folder.assetcatalog; path = Assets.xcassets; sourceTree = "<group>"; };
		719C58EB260FDFFE0054C13D /* Base */ = {isa = PBXFileReference; lastKnownFileType = file.storyboard; name = Base; path = Base.lproj/LaunchScreen.storyboard; sourceTree = "<group>"; };
		719C58ED260FDFFE0054C13D /* Info.plist */ = {isa = PBXFileReference; lastKnownFileType = text.plist.xml; path = Info.plist; sourceTree = "<group>"; };
		71D8B3262620AF4000A41269 /* MainViewController.swift */ = {isa = PBXFileReference; lastKnownFileType = sourcecode.swift; path = MainViewController.swift; sourceTree = "<group>"; };
		71DA6CFF2621C208008FDB16 /* Data.swift */ = {isa = PBXFileReference; lastKnownFileType = sourcecode.swift; path = Data.swift; sourceTree = "<group>"; };
/* End PBXFileReference section */

/* Begin PBXFrameworksBuildPhase section */
		719C58D9260FDFFB0054C13D /* Frameworks */ = {
			isa = PBXFrameworksBuildPhase;
			buildActionMask = 2147483647;
			files = (
			);
			runOnlyForDeploymentPostprocessing = 0;
		};
/* End PBXFrameworksBuildPhase section */

/* Begin PBXGroup section */
		719C58D3260FDFFB0054C13D = {
			isa = PBXGroup;
			children = (
				719C58DE260FDFFB0054C13D /* Homework2.2(Build2) */,
				719C58DD260FDFFB0054C13D /* Products */,
			);
			sourceTree = "<group>";
		};
		719C58DD260FDFFB0054C13D /* Products */ = {
			isa = PBXGroup;
			children = (
				719C58DC260FDFFB0054C13D /* Homework2.2(Build2).app */,
			);
			name = Products;
			sourceTree = "<group>";
		};
		719C58DE260FDFFB0054C13D /* Homework2.2(Build2) */ = {
			isa = PBXGroup;
			children = (
				71D8B3252620AF2F00A41269 /* Models */,
				71D8B3212620AEAD00A41269 /* Supporting */,
				71D8B32B2620AFFD00A41269 /* ViewControllers */,
				71D8B3242620AF2000A41269 /* Storyboards */,
				71D8B3232620AEBE00A41269 /* Resources */,
			);
			path = "Homework2.2(Build2)";
			sourceTree = "<group>";
		};
		71D8B3212620AEAD00A41269 /* Supporting */ = {
			isa = PBXGroup;
			children = (
				719C58DF260FDFFB0054C13D /* AppDelegate.swift */,
				719C58E1260FDFFB0054C13D /* SceneDelegate.swift */,
				719C58ED260FDFFE0054C13D /* Info.plist */,
			);
			path = Supporting;
			sourceTree = "<group>";
		};
		71D8B3232620AEBE00A41269 /* Resources */ = {
			isa = PBXGroup;
			children = (
				719C58E8260FDFFE0054C13D /* Assets.xcassets */,
			);
			path = Resources;
			sourceTree = "<group>";
		};
		71D8B3242620AF2000A41269 /* Storyboards */ = {
			isa = PBXGroup;
			children = (
				719C58E5260FDFFB0054C13D /* Main.storyboard */,
				719C58EA260FDFFE0054C13D /* LaunchScreen.storyboard */,
			);
			path = Storyboards;
			sourceTree = "<group>";
		};
		71D8B3252620AF2F00A41269 /* Models */ = {
			isa = PBXGroup;
			children = (
				71DA6CFF2621C208008FDB16 /* Data.swift */,
			);
			path = Models;
			sourceTree = "<group>";
		};
		71D8B32B2620AFFD00A41269 /* ViewControllers */ = {
			isa = PBXGroup;
			children = (
				719C58E3260FDFFB0054C13D /* SettingsViewController.swift */,
				71D8B3262620AF4000A41269 /* MainViewController.swift */,
			);
			path = ViewControllers;
			sourceTree = "<group>";
		};
/* End PBXGroup section */

/* Begin PBXNativeTarget section */
		719C58DB260FDFFB0054C13D /* Homework2.2(Build2) */ = {
			isa = PBXNativeTarget;
			buildConfigurationList = 719C58F0260FDFFE0054C13D /* Build configuration list for PBXNativeTarget "Homework2.2(Build2)" */;
			buildPhases = (
				719C58D8260FDFFB0054C13D /* Sources */,
				719C58D9260FDFFB0054C13D /* Frameworks */,
				719C58DA260FDFFB0054C13D /* Resources */,
			);
			buildRules = (
			);
			dependencies = (
			);
			name = "Homework2.2(Build2)";
			productName = "Homework2.2(Build2)";
			productReference = 719C58DC260FDFFB0054C13D /* Homework2.2(Build2).app */;
			productType = "com.apple.product-type.application";
		};
/* End PBXNativeTarget section */

/* Begin PBXProject section */
		719C58D4260FDFFB0054C13D /* Project object */ = {
			isa = PBXProject;
			attributes = {
				LastSwiftUpdateCheck = 1240;
				LastUpgradeCheck = 1240;
				TargetAttributes = {
					719C58DB260FDFFB0054C13D = {
						CreatedOnToolsVersion = 12.4;
					};
				};
			};
			buildConfigurationList = 719C58D7260FDFFB0054C13D /* Build configuration list for PBXProject "Homework2.2(Build2)" */;
			compatibilityVersion = "Xcode 9.3";
			developmentRegion = en;
			hasScannedForEncodings = 0;
			knownRegions = (
				en,
				Base,
			);
			mainGroup = 719C58D3260FDFFB0054C13D;
			productRefGroup = 719C58DD260FDFFB0054C13D /* Products */;
			projectDirPath = "";
			projectRoot = "";
			targets = (
				719C58DB260FDFFB0054C13D /* Homework2.2(Build2) */,
			);
		};
/* End PBXProject section */

/* Begin PBXResourcesBuildPhase section */
		719C58DA260FDFFB0054C13D /* Resources */ = {
			isa = PBXResourcesBuildPhase;
			buildActionMask = 2147483647;
			files = (
				719C58EC260FDFFE0054C13D /* LaunchScreen.storyboard in Resources */,
				719C58E9260FDFFE0054C13D /* Assets.xcassets in Resources */,
				719C58E7260FDFFB0054C13D /* Main.storyboard in Resources */,
			);
			runOnlyForDeploymentPostprocessing = 0;
		};
/* End PBXResourcesBuildPhase section */

/* Begin PBXSourcesBuildPhase section */
		719C58D8260FDFFB0054C13D /* Sources */ = {
			isa = PBXSourcesBuildPhase;
			buildActionMask = 2147483647;
			files = (
				719C58E4260FDFFB0054C13D /* SettingsViewController.swift in Sources */,
				71DA6D002621C208008FDB16 /* Data.swift in Sources */,
				719C58E0260FDFFB0054C13D /* AppDelegate.swift in Sources */,
				719C58E2260FDFFB0054C13D /* SceneDelegate.swift in Sources */,
				71D8B3272620AF4000A41269 /* MainViewController.swift in Sources */,
			);
			runOnlyForDeploymentPostprocessing = 0;
		};
/* End PBXSourcesBuildPhase section */

/* Begin PBXVariantGroup section */
		719C58E5260FDFFB0054C13D /* Main.storyboard */ = {
			isa = PBXVariantGroup;
			children = (
				719C58E6260FDFFB0054C13D /* Base */,
			);
			name = Main.storyboard;
			sourceTree = "<group>";
		};
		719C58EA260FDFFE0054C13D /* LaunchScreen.storyboard */ = {
			isa = PBXVariantGroup;
			children = (
				719C58EB260FDFFE0054C13D /* Base */,
			);
			name = LaunchScreen.storyboard;
			sourceTree = "<group>";
		};
/* End PBXVariantGroup section */

/* Begin XCBuildConfiguration section */
		719C58EE260FDFFE0054C13D /* Debug */ = {
			isa = XCBuildConfiguration;
			buildSettings = {
				ALWAYS_SEARCH_USER_PATHS = NO;
				CLANG_ANALYZER_NONNULL = YES;
				CLANG_ANALYZER_NUMBER_OBJECT_CONVERSION = YES_AGGRESSIVE;
				CLANG_CXX_LANGUAGE_STANDARD = "gnu++14";
				CLANG_CXX_LIBRARY = "libc++";
				CLANG_ENABLE_MODULES = YES;
				CLANG_ENABLE_OBJC_ARC = YES;
				CLANG_ENABLE_OBJC_WEAK = YES;
				CLANG_WARN_BLOCK_CAPTURE_AUTORELEASING = YES;
				CLANG_WARN_BOOL_CONVERSION = YES;
				CLANG_WARN_COMMA = YES;
				CLANG_WARN_CONSTANT_CONVERSION = YES;
				CLANG_WARN_DEPRECATED_OBJC_IMPLEMENTATIONS = YES;
				CLANG_WARN_DIRECT_OBJC_ISA_USAGE = YES_ERROR;
				CLANG_WARN_DOCUMENTATION_COMMENTS = YES;
				CLANG_WARN_EMPTY_BODY = YES;
				CLANG_WARN_ENUM_CONVERSION = YES;
				CLANG_WARN_INFINITE_RECURSION = YES;
				CLANG_WARN_INT_CONVERSION = YES;
				CLANG_WARN_NON_LITERAL_NULL_CONVERSION = YES;
				CLANG_WARN_OBJC_IMPLICIT_RETAIN_SELF = YES;
				CLANG_WARN_OBJC_LITERAL_CONVERSION = YES;
				CLANG_WARN_OBJC_ROOT_CLASS = YES_ERROR;
				CLANG_WARN_QUOTED_INCLUDE_IN_FRAMEWORK_HEADER = YES;
				CLANG_WARN_RANGE_LOOP_ANALYSIS = YES;
				CLANG_WARN_STRICT_PROTOTYPES = YES;
				CLANG_WARN_SUSPICIOUS_MOVE = YES;
				CLANG_WARN_UNGUARDED_AVAILABILITY = YES_AGGRESSIVE;
				CLANG_WARN_UNREACHABLE_CODE = YES;
				CLANG_WARN__DUPLICATE_METHOD_MATCH = YES;
				COPY_PHASE_STRIP = NO;
				DEBUG_INFORMATION_FORMAT = dwarf;
				ENABLE_STRICT_OBJC_MSGSEND = YES;
				ENABLE_TESTABILITY = YES;
				GCC_C_LANGUAGE_STANDARD = gnu11;
				GCC_DYNAMIC_NO_PIC = NO;
				GCC_NO_COMMON_BLOCKS = YES;
				GCC_OPTIMIZATION_LEVEL = 0;
				GCC_PREPROCESSOR_DEFINITIONS = (
					"DEBUG=1",
					"$(inherited)",
				);
				GCC_WARN_64_TO_32_BIT_CONVERSION = YES;
				GCC_WARN_ABOUT_RETURN_TYPE = YES_ERROR;
				GCC_WARN_UNDECLARED_SELECTOR = YES;
				GCC_WARN_UNINITIALIZED_AUTOS = YES_AGGRESSIVE;
				GCC_WARN_UNUSED_FUNCTION = YES;
				GCC_WARN_UNUSED_VARIABLE = YES;
				IPHONEOS_DEPLOYMENT_TARGET = 14.4;
				MTL_ENABLE_DEBUG_INFO = INCLUDE_SOURCE;
				MTL_FAST_MATH = YES;
				ONLY_ACTIVE_ARCH = YES;
				SDKROOT = iphoneos;
				SWIFT_ACTIVE_COMPILATION_CONDITIONS = DEBUG;
				SWIFT_OPTIMIZATION_LEVEL = "-Onone";
			};
			name = Debug;
		};
		719C58EF260FDFFE0054C13D /* Release */ = {
			isa = XCBuildConfiguration;
			buildSettings = {
				ALWAYS_SEARCH_USER_PATHS = NO;
				CLANG_ANALYZER_NONNULL = YES;
				CLANG_ANALYZER_NUMBER_OBJECT_CONVERSION = YES_AGGRESSIVE;
				CLANG_CXX_LANGUAGE_STANDARD = "gnu++14";
				CLANG_CXX_LIBRARY = "libc++";
				CLANG_ENABLE_MODULES = YES;
				CLANG_ENABLE_OBJC_ARC = YES;
				CLANG_ENABLE_OBJC_WEAK = YES;
				CLANG_WARN_BLOCK_CAPTURE_AUTORELEASING = YES;
				CLANG_WARN_BOOL_CONVERSION = YES;
				CLANG_WARN_COMMA = YES;
				CLANG_WARN_CONSTANT_CONVERSION = YES;
				CLANG_WARN_DEPRECATED_OBJC_IMPLEMENTATIONS = YES;
				CLANG_WARN_DIRECT_OBJC_ISA_USAGE = YES_ERROR;
				CLANG_WARN_DOCUMENTATION_COMMENTS = YES;
				CLANG_WARN_EMPTY_BODY = YES;
				CLANG_WARN_ENUM_CONVERSION = YES;
				CLANG_WARN_INFINITE_RECURSION = YES;
				CLANG_WARN_INT_CONVERSION = YES;
				CLANG_WARN_NON_LITERAL_NULL_CONVERSION = YES;
				CLANG_WARN_OBJC_IMPLICIT_RETAIN_SELF = YES;
				CLANG_WARN_OBJC_LITERAL_CONVERSION = YES;
				CLANG_WARN_OBJC_ROOT_CLASS = YES_ERROR;
				CLANG_WARN_QUOTED_INCLUDE_IN_FRAMEWORK_HEADER = YES;
				CLANG_WARN_RANGE_LOOP_ANALYSIS = YES;
				CLANG_WARN_STRICT_PROTOTYPES = YES;
				CLANG_WARN_SUSPICIOUS_MOVE = YES;
				CLANG_WARN_UNGUARDED_AVAILABILITY = YES_AGGRESSIVE;
				CLANG_WARN_UNREACHABLE_CODE = YES;
				CLANG_WARN__DUPLICATE_METHOD_MATCH = YES;
				COPY_PHASE_STRIP = NO;
				DEBUG_INFORMATION_FORMAT = "dwarf-with-dsym";
				ENABLE_NS_ASSERTIONS = NO;
				ENABLE_STRICT_OBJC_MSGSEND = YES;
				GCC_C_LANGUAGE_STANDARD = gnu11;
				GCC_NO_COMMON_BLOCKS = YES;
				GCC_WARN_64_TO_32_BIT_CONVERSION = YES;
				GCC_WARN_ABOUT_RETURN_TYPE = YES_ERROR;
				GCC_WARN_UNDECLARED_SELECTOR = YES;
				GCC_WARN_UNINITIALIZED_AUTOS = YES_AGGRESSIVE;
				GCC_WARN_UNUSED_FUNCTION = YES;
				GCC_WARN_UNUSED_VARIABLE = YES;
				IPHONEOS_DEPLOYMENT_TARGET = 14.4;
				MTL_ENABLE_DEBUG_INFO = NO;
				MTL_FAST_MATH = YES;
				SDKROOT = iphoneos;
				SWIFT_COMPILATION_MODE = wholemodule;
				SWIFT_OPTIMIZATION_LEVEL = "-O";
				VALIDATE_PRODUCT = YES;
			};
			name = Release;
		};
		719C58F1260FDFFE0054C13D /* Debug */ = {
			isa = XCBuildConfiguration;
			buildSettings = {
				ASSETCATALOG_COMPILER_APPICON_NAME = AppIcon;
				ASSETCATALOG_COMPILER_GLOBAL_ACCENT_COLOR_NAME = AccentColor;
				CODE_SIGN_STYLE = Automatic;
				DEVELOPMENT_TEAM = W7M89AVC54;
				INFOPLIST_FILE = "Homework2.2(Build2)/Supporting/Info.plist";
				LD_RUNPATH_SEARCH_PATHS = (
					"$(inherited)",
					"@executable_path/Frameworks",
				);
				PRODUCT_BUNDLE_IDENTIFIER = "Sokolovskiy.Homework2-2-Build2-";
				PRODUCT_NAME = "$(TARGET_NAME)";
				SWIFT_VERSION = 5.0;
				TARGETED_DEVICE_FAMILY = "1,2";
			};
			name = Debug;
		};
		719C58F2260FDFFE0054C13D /* Release */ = {
			isa = XCBuildConfiguration;
			buildSettings = {
				ASSETCATALOG_COMPILER_APPICON_NAME = AppIcon;
				ASSETCATALOG_COMPILER_GLOBAL_ACCENT_COLOR_NAME = AccentColor;
				CODE_SIGN_STYLE = Automatic;
				DEVELOPMENT_TEAM = W7M89AVC54;
				INFOPLIST_FILE = "Homework2.2(Build2)/Supporting/Info.plist";
				LD_RUNPATH_SEARCH_PATHS = (
					"$(inherited)",
					"@executable_path/Frameworks",
				);
				PRODUCT_BUNDLE_IDENTIFIER = "Sokolovskiy.Homework2-2-Build2-";
				PRODUCT_NAME = "$(TARGET_NAME)";
				SWIFT_VERSION = 5.0;
				TARGETED_DEVICE_FAMILY = "1,2";
			};
			name = Release;
		};
/* End XCBuildConfiguration section */

/* Begin XCConfigurationList section */
		719C58D7260FDFFB0054C13D /* Build configuration list for PBXProject "Homework2.2(Build2)" */ = {
			isa = XCConfigurationList;
			buildConfigurations = (
				719C58EE260FDFFE0054C13D /* Debug */,
				719C58EF260FDFFE0054C13D /* Release */,
			);
			defaultConfigurationIsVisible = 0;
			defaultConfigurationName = Release;
		};
		719C58F0260FDFFE0054C13D /* Build configuration list for PBXNativeTarget "Homework2.2(Build2)" */ = {
			isa = XCConfigurationList;
			buildConfigurations = (
				719C58F1260FDFFE0054C13D /* Debug */,
				719C58F2260FDFFE0054C13D /* Release */,
			);
			defaultConfigurationIsVisible = 0;
			defaultConfigurationName = Release;
		};
/* End XCConfigurationList section */
	};
	rootObject = 719C58D4260FDFFB0054C13D /* Project object */;
}
